// !$*UTF8*$!
{
	archiveVersion = 1;
	classes = {
	};
	objectVersion = 46;
	objects = {

/* Begin PBXBuildFile section */
		A6F7C84017A5852000B9B31F /* Foundation.framework in Frameworks */ = {isa = PBXBuildFile; fileRef = A6F7C83F17A5852000B9B31F /* Foundation.framework */; };
		A6F7C84217A5852000B9B31F /* CoreGraphics.framework in Frameworks */ = {isa = PBXBuildFile; fileRef = A6F7C84117A5852000B9B31F /* CoreGraphics.framework */; };
		A6F7C84417A5852000B9B31F /* UIKit.framework in Frameworks */ = {isa = PBXBuildFile; fileRef = A6F7C84317A5852000B9B31F /* UIKit.framework */; };
		A6F7C84617A5852000B9B31F /* CoreData.framework in Frameworks */ = {isa = PBXBuildFile; fileRef = A6F7C84517A5852000B9B31F /* CoreData.framework */; };
		A6F7C84C17A5852000B9B31F /* InfoPlist.strings in Resources */ = {isa = PBXBuildFile; fileRef = A6F7C84A17A5852000B9B31F /* InfoPlist.strings */; };
		A6F7C84E17A5852000B9B31F /* main.m in Sources */ = {isa = PBXBuildFile; fileRef = A6F7C84D17A5852000B9B31F /* main.m */; };
		A6F7C85217A5852000B9B31F /* PEWAppDelegate.m in Sources */ = {isa = PBXBuildFile; fileRef = A6F7C85117A5852000B9B31F /* PEWAppDelegate.m */; };
		A6F7C85517A5852000B9B31F /* Main.storyboard in Resources */ = {isa = PBXBuildFile; fileRef = A6F7C85317A5852000B9B31F /* Main.storyboard */; };
		A6F7C85817A5852000B9B31F /* SC68Player.xcdatamodeld in Sources */ = {isa = PBXBuildFile; fileRef = A6F7C85617A5852000B9B31F /* SC68Player.xcdatamodeld */; };
		A6F7C85B17A5852000B9B31F /* PEWMasterViewController.m in Sources */ = {isa = PBXBuildFile; fileRef = A6F7C85A17A5852000B9B31F /* PEWMasterViewController.m */; };
		A6F7C85E17A5852000B9B31F /* PEWDetailViewController.m in Sources */ = {isa = PBXBuildFile; fileRef = A6F7C85D17A5852000B9B31F /* PEWDetailViewController.m */; };
		A6F7C86017A5852000B9B31F /* Images.xcassets in Resources */ = {isa = PBXBuildFile; fileRef = A6F7C85F17A5852000B9B31F /* Images.xcassets */; };
		A6F7C86717A5852000B9B31F /* XCTest.framework in Frameworks */ = {isa = PBXBuildFile; fileRef = A6F7C86617A5852000B9B31F /* XCTest.framework */; };
		A6F7C86817A5852000B9B31F /* Foundation.framework in Frameworks */ = {isa = PBXBuildFile; fileRef = A6F7C83F17A5852000B9B31F /* Foundation.framework */; };
		A6F7C86917A5852000B9B31F /* UIKit.framework in Frameworks */ = {isa = PBXBuildFile; fileRef = A6F7C84317A5852000B9B31F /* UIKit.framework */; };
		A6F7C86A17A5852000B9B31F /* CoreData.framework in Frameworks */ = {isa = PBXBuildFile; fileRef = A6F7C84517A5852000B9B31F /* CoreData.framework */; };
		A6F7C87217A5852000B9B31F /* InfoPlist.strings in Resources */ = {isa = PBXBuildFile; fileRef = A6F7C87017A5852000B9B31F /* InfoPlist.strings */; };
		A6F7C87417A5852000B9B31F /* SC68PlayerTests.m in Sources */ = {isa = PBXBuildFile; fileRef = A6F7C87317A5852000B9B31F /* SC68PlayerTests.m */; };
/* End PBXBuildFile section */

/* Begin PBXContainerItemProxy section */
		A6F7C86B17A5852000B9B31F /* PBXContainerItemProxy */ = {
			isa = PBXContainerItemProxy;
			containerPortal = A6F7C83417A5852000B9B31F /* Project object */;
			proxyType = 1;
			remoteGlobalIDString = A6F7C83B17A5852000B9B31F;
			remoteInfo = SC68Player;
		};
/* End PBXContainerItemProxy section */

/* Begin PBXFileReference section */
		A6F7C83C17A5852000B9B31F /* SC68Player.app */ = {isa = PBXFileReference; explicitFileType = wrapper.application; includeInIndex = 0; path = SC68Player.app; sourceTree = BUILT_PRODUCTS_DIR; };
		A6F7C83F17A5852000B9B31F /* Foundation.framework */ = {isa = PBXFileReference; lastKnownFileType = wrapper.framework; name = Foundation.framework; path = System/Library/Frameworks/Foundation.framework; sourceTree = SDKROOT; };
		A6F7C84117A5852000B9B31F /* CoreGraphics.framework */ = {isa = PBXFileReference; lastKnownFileType = wrapper.framework; name = CoreGraphics.framework; path = System/Library/Frameworks/CoreGraphics.framework; sourceTree = SDKROOT; };
		A6F7C84317A5852000B9B31F /* UIKit.framework */ = {isa = PBXFileReference; lastKnownFileType = wrapper.framework; name = UIKit.framework; path = System/Library/Frameworks/UIKit.framework; sourceTree = SDKROOT; };
		A6F7C84517A5852000B9B31F /* CoreData.framework */ = {isa = PBXFileReference; lastKnownFileType = wrapper.framework; name = CoreData.framework; path = System/Library/Frameworks/CoreData.framework; sourceTree = SDKROOT; };
		A6F7C84917A5852000B9B31F /* SC68Player-Info.plist */ = {isa = PBXFileReference; lastKnownFileType = text.plist.xml; path = "SC68Player-Info.plist"; sourceTree = "<group>"; };
		A6F7C84B17A5852000B9B31F /* en */ = {isa = PBXFileReference; lastKnownFileType = text.plist.strings; name = en; path = en.lproj/InfoPlist.strings; sourceTree = "<group>"; };
		A6F7C84D17A5852000B9B31F /* main.m */ = {isa = PBXFileReference; lastKnownFileType = sourcecode.c.objc; path = main.m; sourceTree = "<group>"; };
		A6F7C84F17A5852000B9B31F /* SC68Player-Prefix.pch */ = {isa = PBXFileReference; lastKnownFileType = sourcecode.c.h; path = "SC68Player-Prefix.pch"; sourceTree = "<group>"; };
		A6F7C85017A5852000B9B31F /* PEWAppDelegate.h */ = {isa = PBXFileReference; lastKnownFileType = sourcecode.c.h; path = PEWAppDelegate.h; sourceTree = "<group>"; };
		A6F7C85117A5852000B9B31F /* PEWAppDelegate.m */ = {isa = PBXFileReference; lastKnownFileType = sourcecode.c.objc; path = PEWAppDelegate.m; sourceTree = "<group>"; };
		A6F7C85417A5852000B9B31F /* Base */ = {isa = PBXFileReference; lastKnownFileType = file.storyboard; name = Base; path = Base.lproj/Main.storyboard; sourceTree = "<group>"; };
		A6F7C85717A5852000B9B31F /* SC68Player.xcdatamodel */ = {isa = PBXFileReference; lastKnownFileType = wrapper.xcdatamodel; path = SC68Player.xcdatamodel; sourceTree = "<group>"; };
		A6F7C85917A5852000B9B31F /* PEWMasterViewController.h */ = {isa = PBXFileReference; lastKnownFileType = sourcecode.c.h; path = PEWMasterViewController.h; sourceTree = "<group>"; };
		A6F7C85A17A5852000B9B31F /* PEWMasterViewController.m */ = {isa = PBXFileReference; lastKnownFileType = sourcecode.c.objc; path = PEWMasterViewController.m; sourceTree = "<group>"; };
		A6F7C85C17A5852000B9B31F /* PEWDetailViewController.h */ = {isa = PBXFileReference; lastKnownFileType = sourcecode.c.h; path = PEWDetailViewController.h; sourceTree = "<group>"; };
		A6F7C85D17A5852000B9B31F /* PEWDetailViewController.m */ = {isa = PBXFileReference; lastKnownFileType = sourcecode.c.objc; path = PEWDetailViewController.m; sourceTree = "<group>"; };
		A6F7C85F17A5852000B9B31F /* Images.xcassets */ = {isa = PBXFileReference; lastKnownFileType = folder.assetcatalog; path = Images.xcassets; sourceTree = "<group>"; };
		A6F7C86517A5852000B9B31F /* SC68PlayerTests.xctest */ = {isa = PBXFileReference; explicitFileType = wrapper.cfbundle; includeInIndex = 0; path = SC68PlayerTests.xctest; sourceTree = BUILT_PRODUCTS_DIR; };
		A6F7C86617A5852000B9B31F /* XCTest.framework */ = {isa = PBXFileReference; lastKnownFileType = wrapper.framework; name = XCTest.framework; path = Library/Frameworks/XCTest.framework; sourceTree = DEVELOPER_DIR; };
		A6F7C86F17A5852000B9B31F /* SC68PlayerTests-Info.plist */ = {isa = PBXFileReference; lastKnownFileType = text.plist.xml; path = "SC68PlayerTests-Info.plist"; sourceTree = "<group>"; };
		A6F7C87117A5852000B9B31F /* en */ = {isa = PBXFileReference; lastKnownFileType = text.plist.strings; name = en; path = en.lproj/InfoPlist.strings; sourceTree = "<group>"; };
		A6F7C87317A5852000B9B31F /* SC68PlayerTests.m */ = {isa = PBXFileReference; lastKnownFileType = sourcecode.c.objc; path = SC68PlayerTests.m; sourceTree = "<group>"; };
/* End PBXFileReference section */

/* Begin PBXFrameworksBuildPhase section */
		A6F7C83917A5852000B9B31F /* Frameworks */ = {
			isa = PBXFrameworksBuildPhase;
			buildActionMask = 2147483647;
			files = (
				A6F7C84217A5852000B9B31F /* CoreGraphics.framework in Frameworks */,
				A6F7C84617A5852000B9B31F /* CoreData.framework in Frameworks */,
				A6F7C84417A5852000B9B31F /* UIKit.framework in Frameworks */,
				A6F7C84017A5852000B9B31F /* Foundation.framework in Frameworks */,
			);
			runOnlyForDeploymentPostprocessing = 0;
		};
		A6F7C86217A5852000B9B31F /* Frameworks */ = {
			isa = PBXFrameworksBuildPhase;
			buildActionMask = 2147483647;
			files = (
				A6F7C86717A5852000B9B31F /* XCTest.framework in Frameworks */,
				A6F7C86A17A5852000B9B31F /* CoreData.framework in Frameworks */,
				A6F7C86917A5852000B9B31F /* UIKit.framework in Frameworks */,
				A6F7C86817A5852000B9B31F /* Foundation.framework in Frameworks */,
			);
			runOnlyForDeploymentPostprocessing = 0;
		};
/* End PBXFrameworksBuildPhase section */

/* Begin PBXGroup section */
		A6F7C83317A5852000B9B31F = {
			isa = PBXGroup;
			children = (
				A6F7C84717A5852000B9B31F /* SC68Player */,
				A6F7C86D17A5852000B9B31F /* SC68PlayerTests */,
				A6F7C83E17A5852000B9B31F /* Frameworks */,
				A6F7C83D17A5852000B9B31F /* Products */,
			);
			sourceTree = "<group>";
		};
		A6F7C83D17A5852000B9B31F /* Products */ = {
			isa = PBXGroup;
			children = (
				A6F7C83C17A5852000B9B31F /* SC68Player.app */,
				A6F7C86517A5852000B9B31F /* SC68PlayerTests.xctest */,
			);
			name = Products;
			sourceTree = "<group>";
		};
		A6F7C83E17A5852000B9B31F /* Frameworks */ = {
			isa = PBXGroup;
			children = (
				A6F7C83F17A5852000B9B31F /* Foundation.framework */,
				A6F7C84117A5852000B9B31F /* CoreGraphics.framework */,
				A6F7C84317A5852000B9B31F /* UIKit.framework */,
				A6F7C84517A5852000B9B31F /* CoreData.framework */,
				A6F7C86617A5852000B9B31F /* XCTest.framework */,
			);
			name = Frameworks;
			sourceTree = "<group>";
		};
		A6F7C84717A5852000B9B31F /* SC68Player */ = {
			isa = PBXGroup;
			children = (
				A6F7C85017A5852000B9B31F /* PEWAppDelegate.h */,
				A6F7C85117A5852000B9B31F /* PEWAppDelegate.m */,
				A6F7C85317A5852000B9B31F /* Main.storyboard */,
				A6F7C85917A5852000B9B31F /* PEWMasterViewController.h */,
				A6F7C85A17A5852000B9B31F /* PEWMasterViewController.m */,
				A6F7C85C17A5852000B9B31F /* PEWDetailViewController.h */,
				A6F7C85D17A5852000B9B31F /* PEWDetailViewController.m */,
				A6F7C85F17A5852000B9B31F /* Images.xcassets */,
				A6F7C85617A5852000B9B31F /* SC68Player.xcdatamodeld */,
				A6F7C84817A5852000B9B31F /* Supporting Files */,
			);
			path = SC68Player;
			sourceTree = "<group>";
		};
		A6F7C84817A5852000B9B31F /* Supporting Files */ = {
			isa = PBXGroup;
			children = (
				A6F7C84917A5852000B9B31F /* SC68Player-Info.plist */,
				A6F7C84A17A5852000B9B31F /* InfoPlist.strings */,
				A6F7C84D17A5852000B9B31F /* main.m */,
				A6F7C84F17A5852000B9B31F /* SC68Player-Prefix.pch */,
			);
			name = "Supporting Files";
			sourceTree = "<group>";
		};
		A6F7C86D17A5852000B9B31F /* SC68PlayerTests */ = {
			isa = PBXGroup;
			children = (
				A6F7C87317A5852000B9B31F /* SC68PlayerTests.m */,
				A6F7C86E17A5852000B9B31F /* Supporting Files */,
			);
			path = SC68PlayerTests;
			sourceTree = "<group>";
		};
		A6F7C86E17A5852000B9B31F /* Supporting Files */ = {
			isa = PBXGroup;
			children = (
				A6F7C86F17A5852000B9B31F /* SC68PlayerTests-Info.plist */,
				A6F7C87017A5852000B9B31F /* InfoPlist.strings */,
			);
			name = "Supporting Files";
			sourceTree = "<group>";
		};
/* End PBXGroup section */

/* Begin PBXNativeTarget section */
		A6F7C83B17A5852000B9B31F /* SC68Player */ = {
			isa = PBXNativeTarget;
			buildConfigurationList = A6F7C87717A5852000B9B31F /* Build configuration list for PBXNativeTarget "SC68Player" */;
			buildPhases = (
				A6F7C83817A5852000B9B31F /* Sources */,
				A6F7C83917A5852000B9B31F /* Frameworks */,
				A6F7C83A17A5852000B9B31F /* Resources */,
			);
			buildRules = (
			);
			dependencies = (
			);
			name = SC68Player;
			productName = SC68Player;
			productReference = A6F7C83C17A5852000B9B31F /* SC68Player.app */;
			productType = "com.apple.product-type.application";
		};
		A6F7C86417A5852000B9B31F /* SC68PlayerTests */ = {
			isa = PBXNativeTarget;
			buildConfigurationList = A6F7C87A17A5852000B9B31F /* Build configuration list for PBXNativeTarget "SC68PlayerTests" */;
			buildPhases = (
				A6F7C86117A5852000B9B31F /* Sources */,
				A6F7C86217A5852000B9B31F /* Frameworks */,
				A6F7C86317A5852000B9B31F /* Resources */,
			);
			buildRules = (
			);
			dependencies = (
				A6F7C86C17A5852000B9B31F /* PBXTargetDependency */,
			);
			name = SC68PlayerTests;
			productName = SC68PlayerTests;
			productReference = A6F7C86517A5852000B9B31F /* SC68PlayerTests.xctest */;
			productType = "com.apple.product-type.bundle.unit-test";
		};
/* End PBXNativeTarget section */

/* Begin PBXProject section */
		A6F7C83417A5852000B9B31F /* Project object */ = {
			isa = PBXProject;
			attributes = {
				CLASSPREFIX = PEW;
				LastUpgradeCheck = 0500;
				ORGANIZATIONNAME = "Fredrik Olsson";
				TargetAttributes = {
					A6F7C86417A5852000B9B31F = {
						TestTargetID = A6F7C83B17A5852000B9B31F;
					};
				};
			};
			buildConfigurationList = A6F7C83717A5852000B9B31F /* Build configuration list for PBXProject "SC68Player" */;
			compatibilityVersion = "Xcode 3.2";
			developmentRegion = English;
			hasScannedForEncodings = 0;
			knownRegions = (
				en,
				Base,
			);
			mainGroup = A6F7C83317A5852000B9B31F;
			productRefGroup = A6F7C83D17A5852000B9B31F /* Products */;
			projectDirPath = "";
			projectRoot = "";
			targets = (
				A6F7C83B17A5852000B9B31F /* SC68Player */,
				A6F7C86417A5852000B9B31F /* SC68PlayerTests */,
			);
		};
/* End PBXProject section */

/* Begin PBXResourcesBuildPhase section */
		A6F7C83A17A5852000B9B31F /* Resources */ = {
			isa = PBXResourcesBuildPhase;
			buildActionMask = 2147483647;
			files = (
				A6F7C86017A5852000B9B31F /* Images.xcassets in Resources */,
				A6F7C84C17A5852000B9B31F /* InfoPlist.strings in Resources */,
				A6F7C85517A5852000B9B31F /* Main.storyboard in Resources */,
			);
			runOnlyForDeploymentPostprocessing = 0;
		};
		A6F7C86317A5852000B9B31F /* Resources */ = {
			isa = PBXResourcesBuildPhase;
			buildActionMask = 2147483647;
			files = (
				A6F7C87217A5852000B9B31F /* InfoPlist.strings in Resources */,
			);
			runOnlyForDeploymentPostprocessing = 0;
		};
/* End PBXResourcesBuildPhase section */

/* Begin PBXSourcesBuildPhase section */
		A6F7C83817A5852000B9B31F /* Sources */ = {
			isa = PBXSourcesBuildPhase;
			buildActionMask = 2147483647;
			files = (
				A6F7C84E17A5852000B9B31F /* main.m in Sources */,
				A6F7C85217A5852000B9B31F /* PEWAppDelegate.m in Sources */,
				A6F7C85817A5852000B9B31F /* SC68Player.xcdatamodeld in Sources */,
				A6F7C85E17A5852000B9B31F /* PEWDetailViewController.m in Sources */,
				A6F7C85B17A5852000B9B31F /* PEWMasterViewController.m in Sources */,
			);
			runOnlyForDeploymentPostprocessing = 0;
		};
		A6F7C86117A5852000B9B31F /* Sources */ = {
			isa = PBXSourcesBuildPhase;
			buildActionMask = 2147483647;
			files = (
				A6F7C87417A5852000B9B31F /* SC68PlayerTests.m in Sources */,
			);
			runOnlyForDeploymentPostprocessing = 0;
		};
/* End PBXSourcesBuildPhase section */

/* Begin PBXTargetDependency section */
		A6F7C86C17A5852000B9B31F /* PBXTargetDependency */ = {
			isa = PBXTargetDependency;
			target = A6F7C83B17A5852000B9B31F /* SC68Player */;
			targetProxy = A6F7C86B17A5852000B9B31F /* PBXContainerItemProxy */;
		};
/* End PBXTargetDependency section */

/* Begin PBXVariantGroup section */
		A6F7C84A17A5852000B9B31F /* InfoPlist.strings */ = {
			isa = PBXVariantGroup;
			children = (
				A6F7C84B17A5852000B9B31F /* en */,
			);
			name = InfoPlist.strings;
			sourceTree = "<group>";
		};
		A6F7C85317A5852000B9B31F /* Main.storyboard */ = {
			isa = PBXVariantGroup;
			children = (
				A6F7C85417A5852000B9B31F /* Base */,
			);
			name = Main.storyboard;
			sourceTree = "<group>";
		};
		A6F7C87017A5852000B9B31F /* InfoPlist.strings */ = {
			isa = PBXVariantGroup;
			children = (
				A6F7C87117A5852000B9B31F /* en */,
			);
			name = InfoPlist.strings;
			sourceTree = "<group>";
		};
/* End PBXVariantGroup section */

/* Begin XCBuildConfiguration section */
		A6F7C87517A5852000B9B31F /* Debug */ = {
			isa = XCBuildConfiguration;
			buildSettings = {
				ALWAYS_SEARCH_USER_PATHS = NO;
				CLANG_CXX_LANGUAGE_STANDARD = "gnu++0x";
				CLANG_CXX_LIBRARY = "libc++";
				CLANG_ENABLE_MODULES = YES;
				CLANG_ENABLE_OBJC_ARC = YES;
				CLANG_WARN_BOOL_CONVERSION = YES;
				CLANG_WARN_CONSTANT_CONVERSION = YES;
				CLANG_WARN_DIRECT_OBJC_ISA_USAGE = YES_ERROR;
				CLANG_WARN_EMPTY_BODY = YES;
				CLANG_WARN_ENUM_CONVERSION = YES;
				CLANG_WARN_INT_CONVERSION = YES;
				CLANG_WARN_OBJC_ROOT_CLASS = YES_ERROR;
				CLANG_WARN__DUPLICATE_METHOD_MATCH = YES;
				"CODE_SIGN_IDENTITY[sdk=iphoneos*]" = "iPhone Developer";
				COPY_PHASE_STRIP = NO;
				GCC_C_LANGUAGE_STANDARD = gnu99;
				GCC_DYNAMIC_NO_PIC = NO;
				GCC_OPTIMIZATION_LEVEL = 0;
				GCC_PREPROCESSOR_DEFINITIONS = (
					"DEBUG=1",
					"$(inherited)",
				);
				GCC_SYMBOLS_PRIVATE_EXTERN = NO;
				GCC_WARN_ABOUT_RETURN_TYPE = YES_ERROR;
				GCC_WARN_UNDECLARED_SELECTOR = YES;
				GCC_WARN_UNINITIALIZED_AUTOS = YES;
				GCC_WARN_UNUSED_FUNCTION = YES;
				GCC_WARN_UNUSED_VARIABLE = YES;
				IPHONEOS_DEPLOYMENT_TARGET = 7.0;
				ONLY_ACTIVE_ARCH = YES;
				SDKROOT = iphoneos;
			};
			name = Debug;
		};
		A6F7C87617A5852000B9B31F /* Release */ = {
			isa = XCBuildConfiguration;
			buildSettings = {
				ALWAYS_SEARCH_USER_PATHS = NO;
				CLANG_CXX_LANGUAGE_STANDARD = "gnu++0x";
				CLANG_CXX_LIBRARY = "libc++";
				CLANG_ENABLE_MODULES = YES;
				CLANG_ENABLE_OBJC_ARC = YES;
				CLANG_WARN_BOOL_CONVERSION = YES;
				CLANG_WARN_CONSTANT_CONVERSION = YES;
				CLANG_WARN_DIRECT_OBJC_ISA_USAGE = YES_ERROR;
				CLANG_WARN_EMPTY_BODY = YES;
				CLANG_WARN_ENUM_CONVERSION = YES;
				CLANG_WARN_INT_CONVERSION = YES;
				CLANG_WARN_OBJC_ROOT_CLASS = YES_ERROR;
				CLANG_WARN__DUPLICATE_METHOD_MATCH = YES;
				"CODE_SIGN_IDENTITY[sdk=iphoneos*]" = "iPhone Developer";
				COPY_PHASE_STRIP = YES;
				ENABLE_NS_ASSERTIONS = NO;
				GCC_C_LANGUAGE_STANDARD = gnu99;
				GCC_WARN_ABOUT_RETURN_TYPE = YES_ERROR;
				GCC_WARN_UNDECLARED_SELECTOR = YES;
				GCC_WARN_UNINITIALIZED_AUTOS = YES;
				GCC_WARN_UNUSED_FUNCTION = YES;
				GCC_WARN_UNUSED_VARIABLE = YES;
				IPHONEOS_DEPLOYMENT_TARGET = 7.0;
				SDKROOT = iphoneos;
				VALIDATE_PRODUCT = YES;
			};
			name = Release;
		};
		A6F7C87817A5852000B9B31F /* Debug */ = {
			isa = XCBuildConfiguration;
			buildSettings = {
				ASSETCATALOG_COMPILER_APPICON_NAME = AppIcon;
				ASSETCATALOG_COMPILER_LAUNCHIMAGE_NAME = LaunchImage;
				GCC_PRECOMPILE_PREFIX_HEADER = YES;
				GCC_PREFIX_HEADER = "SC68Player/SC68Player-Prefix.pch";
				INFOPLIST_FILE = "SC68Player/SC68Player-Info.plist";
				PRODUCT_NAME = "$(TARGET_NAME)";
				WRAPPER_EXTENSION = app;
			};
			name = Debug;
		};
		A6F7C87917A5852000B9B31F /* Release */ = {
			isa = XCBuildConfiguration;
			buildSettings = {
				ASSETCATALOG_COMPILER_APPICON_NAME = AppIcon;
				ASSETCATALOG_COMPILER_LAUNCHIMAGE_NAME = LaunchImage;
				GCC_PRECOMPILE_PREFIX_HEADER = YES;
				GCC_PREFIX_HEADER = "SC68Player/SC68Player-Prefix.pch";
				INFOPLIST_FILE = "SC68Player/SC68Player-Info.plist";
				PRODUCT_NAME = "$(TARGET_NAME)";
				WRAPPER_EXTENSION = app;
			};
			name = Release;
		};
		A6F7C87B17A5852000B9B31F /* Debug */ = {
			isa = XCBuildConfiguration;
			buildSettings = {
				BUNDLE_LOADER = "$(BUILT_PRODUCTS_DIR)/SC68Player.app/SC68Player";
				FRAMEWORK_SEARCH_PATHS = (
					"$(SDKROOT)/Developer/Library/Frameworks",
					"$(inherited)",
					"$(SYSTEM_APPS_DIR)/Xcode5-DP3.app/Contents/Developer/Library/Frameworks",
				);
				GCC_PRECOMPILE_PREFIX_HEADER = YES;
				GCC_PREFIX_HEADER = "SC68Player/SC68Player-Prefix.pch";
				GCC_PREPROCESSOR_DEFINITIONS = (
					"DEBUG=1",
					"$(inherited)",
				);
				INFOPLIST_FILE = "SC68PlayerTests/SC68PlayerTests-Info.plist";
				PRODUCT_NAME = "$(TARGET_NAME)";
				TEST_HOST = "$(BUNDLE_LOADER)";
				WRAPPER_EXTENSION = xctest;
			};
			name = Debug;
		};
		A6F7C87C17A5852000B9B31F /* Release */ = {
			isa = XCBuildConfiguration;
			buildSettings = {
				BUNDLE_LOADER = "$(BUILT_PRODUCTS_DIR)/SC68Player.app/SC68Player";
				FRAMEWORK_SEARCH_PATHS = (
					"$(SDKROOT)/Developer/Library/Frameworks",
					"$(inherited)",
					"$(SYSTEM_APPS_DIR)/Xcode5-DP3.app/Contents/Developer/Library/Frameworks",
				);
				GCC_PRECOMPILE_PREFIX_HEADER = YES;
				GCC_PREFIX_HEADER = "SC68Player/SC68Player-Prefix.pch";
				INFOPLIST_FILE = "SC68PlayerTests/SC68PlayerTests-Info.plist";
				PRODUCT_NAME = "$(TARGET_NAME)";
				TEST_HOST = "$(BUNDLE_LOADER)";
				WRAPPER_EXTENSION = xctest;
			};
			name = Release;
		};
/* End XCBuildConfiguration section */

/* Begin XCConfigurationList section */
		A6F7C83717A5852000B9B31F /* Build configuration list for PBXProject "SC68Player" */ = {
			isa = XCConfigurationList;
			buildConfigurations = (
				A6F7C87517A5852000B9B31F /* Debug */,
				A6F7C87617A5852000B9B31F /* Release */,
			);
			defaultConfigurationIsVisible = 0;
			defaultConfigurationName = Release;
		};
		A6F7C87717A5852000B9B31F /* Build configuration list for PBXNativeTarget "SC68Player" */ = {
			isa = XCConfigurationList;
			buildConfigurations = (
				A6F7C87817A5852000B9B31F /* Debug */,
				A6F7C87917A5852000B9B31F /* Release */,
			);
			defaultConfigurationIsVisible = 0;
		};
		A6F7C87A17A5852000B9B31F /* Build configuration list for PBXNativeTarget "SC68PlayerTests" */ = {
			isa = XCConfigurationList;
			buildConfigurations = (
				A6F7C87B17A5852000B9B31F /* Debug */,
				A6F7C87C17A5852000B9B31F /* Release */,
			);
			defaultConfigurationIsVisible = 0;
		};
/* End XCConfigurationList section */

/* Begin XCVersionGroup section */
		A6F7C85617A5852000B9B31F /* SC68Player.xcdatamodeld */ = {
			isa = XCVersionGroup;
			children = (
				A6F7C85717A5852000B9B31F /* SC68Player.xcdatamodel */,
			);
			currentVersion = A6F7C85717A5852000B9B31F /* SC68Player.xcdatamodel */;
			path = SC68Player.xcdatamodeld;
			sourceTree = "<group>";
			versionGroupType = wrapper.xcdatamodel;
		};
/* End XCVersionGroup section */
	};
	rootObject = A6F7C83417A5852000B9B31F /* Project object */;
}
